
Microsoft Visual Studio Solution File, Format Version 12.00
# Visual Studio 15
VisualStudioVersion = 15.0.28307.329
MinimumVisualStudioVersion = 10.0.40219.1
Project("{FAE04EC0-301F-11D3-BF4B-00C04F79EFBC}") = "WholeWheat", "WholeWheat\WholeWheat.csproj", "{2936D066-0A16-4AFA-B09D-787A19EEF1D5}"
EndProject
Project("{FAE04EC0-301F-11D3-BF4B-00C04F79EFBC}") = "WholeWheatRepository", "WholeWheatRepository\WholeWheatRepository.csproj", "{883A0B10-1028-45EC-B307-530FBF23FA97}"
EndProject
Global
	GlobalSection(SolutionConfigurationPlatforms) = preSolution
		Debug|Any CPU = Debug|Any CPU
		Release|Any CPU = Release|Any CPU
	EndGlobalSection
	GlobalSection(ProjectConfigurationPlatforms) = postSolution
		{2936D066-0A16-4AFA-B09D-787A19EEF1D5}.Debug|Any CPU.ActiveCfg = Debug|Any CPU
		{2936D066-0A16-4AFA-B09D-787A19EEF1D5}.Debug|Any CPU.Build.0 = Debug|Any CPU
		{2936D066-0A16-4AFA-B09D-787A19EEF1D5}.Release|Any CPU.ActiveCfg = Release|Any CPU
		{2936D066-0A16-4AFA-B09D-787A19EEF1D5}.Release|Any CPU.Build.0 = Release|Any CPU
		{883A0B10-1028-45EC-B307-530FBF23FA97}.Debug|Any CPU.ActiveCfg = Debug|Any CPU
		{883A0B10-1028-45EC-B307-530FBF23FA97}.Debug|Any CPU.Build.0 = Debug|Any CPU
		{883A0B10-1028-45EC-B307-530FBF23FA97}.Release|Any CPU.ActiveCfg = Release|Any CPU
		{883A0B10-1028-45EC-B307-530FBF23FA97}.Release|Any CPU.Build.0 = Release|Any CPU
	EndGlobalSection
	GlobalSection(SolutionProperties) = preSolution
		HideSolutionNode = FALSE
	EndGlobalSection
	GlobalSection(ExtensibilityGlobals) = postSolution
		SolutionGuid = {214D3075-5CE3-404E-B6A4-E4BA05D45CAD}
	EndGlobalSection
EndGlobal
